// !$*UTF8*$!
{
	archiveVersion = 1;
	classes = {
	};
	objectVersion = 46;
	objects = {

/* Begin PBXBuildFile section */
		7742A4661A8173B40033FBD4 /* main.m in Sources */ = {isa = PBXBuildFile; fileRef = 7742A4651A8173B40033FBD4 /* main.m */; };
		7742A4691A8173B40033FBD4 /* AppDelegate.m in Sources */ = {isa = PBXBuildFile; fileRef = 7742A4681A8173B40033FBD4 /* AppDelegate.m */; };
		7742A46C1A8173B40033FBD4 /* ViewController.m in Sources */ = {isa = PBXBuildFile; fileRef = 7742A46B1A8173B40033FBD4 /* ViewController.m */; };
		7742A46F1A8173B40033FBD4 /* Main.storyboard in Resources */ = {isa = PBXBuildFile; fileRef = 7742A46D1A8173B40033FBD4 /* Main.storyboard */; };
		7742A4711A8173B40033FBD4 /* Images.xcassets in Resources */ = {isa = PBXBuildFile; fileRef = 7742A4701A8173B40033FBD4 /* Images.xcassets */; };
		7742A4741A8173B40033FBD4 /* LaunchScreen.xib in Resources */ = {isa = PBXBuildFile; fileRef = 7742A4721A8173B40033FBD4 /* LaunchScreen.xib */; };
		7742A4801A8173B40033FBD4 /* HRFBoardViewTests.m in Sources */ = {isa = PBXBuildFile; fileRef = 7742A47F1A8173B40033FBD4 /* HRFBoardViewTests.m */; };
		7742A4901A8174A70033FBD4 /* HRFBoardView.m in Sources */ = {isa = PBXBuildFile; fileRef = 7742A48F1A8174A70033FBD4 /* HRFBoardView.m */; };
		7742A5731A817AD50033FBD4 /* Podfile in Resources */ = {isa = PBXBuildFile; fileRef = 7742A5721A817AD50033FBD4 /* Podfile */; };
		7742A5771A817F220033FBD4 /* ficha_base.png in Resources */ = {isa = PBXBuildFile; fileRef = 7742A5751A817F220033FBD4 /* ficha_base.png */; };
		7742A5781A817F220033FBD4 /* ficha_base@2x.png in Resources */ = {isa = PBXBuildFile; fileRef = 7742A5761A817F220033FBD4 /* ficha_base@2x.png */; };
		7742A57A1A8184F60033FBD4 /* LICENSE in Resources */ = {isa = PBXBuildFile; fileRef = 7742A5791A8184F60033FBD4 /* LICENSE */; };
		7D0A0192265DD1A784CE340C /* libPods.a in Frameworks */ = {isa = PBXBuildFile; fileRef = 4B2914D936677DFB05C991EA /* libPods.a */; };
/* End PBXBuildFile section */

/* Begin PBXContainerItemProxy section */
		7742A47A1A8173B40033FBD4 /* PBXContainerItemProxy */ = {
			isa = PBXContainerItemProxy;
			containerPortal = 7742A4581A8173B40033FBD4 /* Project object */;
			proxyType = 1;
			remoteGlobalIDString = 7742A45F1A8173B40033FBD4;
			remoteInfo = HRFBoardView;
		};
/* End PBXContainerItemProxy section */

/* Begin PBXFileReference section */
		4B2914D936677DFB05C991EA /* libPods.a */ = {isa = PBXFileReference; explicitFileType = archive.ar; includeInIndex = 0; path = libPods.a; sourceTree = BUILT_PRODUCTS_DIR; };
		54584430C1F30E473A54ABBD /* Pods.release.xcconfig */ = {isa = PBXFileReference; includeInIndex = 1; lastKnownFileType = text.xcconfig; name = Pods.release.xcconfig; path = "Pods/Target Support Files/Pods/Pods.release.xcconfig"; sourceTree = "<group>"; };
		7742A4601A8173B40033FBD4 /* HRFBoardView.app */ = {isa = PBXFileReference; explicitFileType = wrapper.application; includeInIndex = 0; path = HRFBoardView.app; sourceTree = BUILT_PRODUCTS_DIR; };
		7742A4641A8173B40033FBD4 /* Info.plist */ = {isa = PBXFileReference; lastKnownFileType = text.plist.xml; path = Info.plist; sourceTree = "<group>"; };
		7742A4651A8173B40033FBD4 /* main.m */ = {isa = PBXFileReference; lastKnownFileType = sourcecode.c.objc; path = main.m; sourceTree = "<group>"; };
		7742A4671A8173B40033FBD4 /* AppDelegate.h */ = {isa = PBXFileReference; lastKnownFileType = sourcecode.c.h; path = AppDelegate.h; sourceTree = "<group>"; };
		7742A4681A8173B40033FBD4 /* AppDelegate.m */ = {isa = PBXFileReference; lastKnownFileType = sourcecode.c.objc; path = AppDelegate.m; sourceTree = "<group>"; };
		7742A46A1A8173B40033FBD4 /* ViewController.h */ = {isa = PBXFileReference; lastKnownFileType = sourcecode.c.h; path = ViewController.h; sourceTree = "<group>"; };
		7742A46B1A8173B40033FBD4 /* ViewController.m */ = {isa = PBXFileReference; lastKnownFileType = sourcecode.c.objc; path = ViewController.m; sourceTree = "<group>"; };
		7742A46E1A8173B40033FBD4 /* Base */ = {isa = PBXFileReference; lastKnownFileType = file.storyboard; name = Base; path = Base.lproj/Main.storyboard; sourceTree = "<group>"; };
		7742A4701A8173B40033FBD4 /* Images.xcassets */ = {isa = PBXFileReference; lastKnownFileType = folder.assetcatalog; path = Images.xcassets; sourceTree = "<group>"; };
		7742A4731A8173B40033FBD4 /* Base */ = {isa = PBXFileReference; lastKnownFileType = file.xib; name = Base; path = Base.lproj/LaunchScreen.xib; sourceTree = "<group>"; };
		7742A4791A8173B40033FBD4 /* HRFBoardViewTests.xctest */ = {isa = PBXFileReference; explicitFileType = wrapper.cfbundle; includeInIndex = 0; path = HRFBoardViewTests.xctest; sourceTree = BUILT_PRODUCTS_DIR; };
		7742A47E1A8173B40033FBD4 /* Info.plist */ = {isa = PBXFileReference; lastKnownFileType = text.plist.xml; path = Info.plist; sourceTree = "<group>"; };
		7742A47F1A8173B40033FBD4 /* HRFBoardViewTests.m */ = {isa = PBXFileReference; lastKnownFileType = sourcecode.c.objc; path = HRFBoardViewTests.m; sourceTree = "<group>"; };
		7742A48E1A8174A70033FBD4 /* HRFBoardView.h */ = {isa = PBXFileReference; fileEncoding = 4; lastKnownFileType = sourcecode.c.h; path = HRFBoardView.h; sourceTree = "<group>"; };
		7742A48F1A8174A70033FBD4 /* HRFBoardView.m */ = {isa = PBXFileReference; fileEncoding = 4; lastKnownFileType = sourcecode.c.objc; path = HRFBoardView.m; sourceTree = "<group>"; };
		7742A5721A817AD50033FBD4 /* Podfile */ = {isa = PBXFileReference; fileEncoding = 4; lastKnownFileType = text; path = Podfile; sourceTree = "<group>"; };
		7742A5751A817F220033FBD4 /* ficha_base.png */ = {isa = PBXFileReference; lastKnownFileType = image.png; path = ficha_base.png; sourceTree = "<group>"; };
		7742A5761A817F220033FBD4 /* ficha_base@2x.png */ = {isa = PBXFileReference; lastKnownFileType = image.png; path = "ficha_base@2x.png"; sourceTree = "<group>"; };
		7742A5791A8184F60033FBD4 /* LICENSE */ = {isa = PBXFileReference; fileEncoding = 4; lastKnownFileType = text; path = LICENSE; sourceTree = SOURCE_ROOT; };
		90A96AD08ACBB78A3508F63E /* Pods.debug.xcconfig */ = {isa = PBXFileReference; includeInIndex = 1; lastKnownFileType = text.xcconfig; name = Pods.debug.xcconfig; path = "Pods/Target Support Files/Pods/Pods.debug.xcconfig"; sourceTree = "<group>"; };
/* End PBXFileReference section */

/* Begin PBXFrameworksBuildPhase section */
		7742A45D1A8173B40033FBD4 /* Frameworks */ = {
			isa = PBXFrameworksBuildPhase;
			buildActionMask = 2147483647;
			files = (
				7D0A0192265DD1A784CE340C /* libPods.a in Frameworks */,
			);
			runOnlyForDeploymentPostprocessing = 0;
		};
		7742A4761A8173B40033FBD4 /* Frameworks */ = {
			isa = PBXFrameworksBuildPhase;
			buildActionMask = 2147483647;
			files = (
			);
			runOnlyForDeploymentPostprocessing = 0;
		};
/* End PBXFrameworksBuildPhase section */

/* Begin PBXGroup section */
		7742A4571A8173B40033FBD4 = {
			isa = PBXGroup;
			children = (
				7742A5721A817AD50033FBD4 /* Podfile */,
				7742A5791A8184F60033FBD4 /* LICENSE */,
				7742A4621A8173B40033FBD4 /* HRFBoardView */,
				7742A47C1A8173B40033FBD4 /* HRFBoardViewTests */,
				7742A4611A8173B40033FBD4 /* Products */,
				DCC41DC363DEC8BEDFE46BD5 /* Pods */,
				DCC75732B573BBFC7EB183C1 /* Frameworks */,
			);
			sourceTree = "<group>";
		};
		7742A4611A8173B40033FBD4 /* Products */ = {
			isa = PBXGroup;
			children = (
				7742A4601A8173B40033FBD4 /* HRFBoardView.app */,
				7742A4791A8173B40033FBD4 /* HRFBoardViewTests.xctest */,
			);
			name = Products;
			sourceTree = "<group>";
		};
		7742A4621A8173B40033FBD4 /* HRFBoardView */ = {
			isa = PBXGroup;
			children = (
				7742A4671A8173B40033FBD4 /* AppDelegate.h */,
				7742A4681A8173B40033FBD4 /* AppDelegate.m */,
				7742A46A1A8173B40033FBD4 /* ViewController.h */,
				7742A46B1A8173B40033FBD4 /* ViewController.m */,
				7742A48D1A8174A70033FBD4 /* BoardView */,
				7742A46D1A8173B40033FBD4 /* Main.storyboard */,
				7742A4701A8173B40033FBD4 /* Images.xcassets */,
				7742A4721A8173B40033FBD4 /* LaunchScreen.xib */,
				7742A4631A8173B40033FBD4 /* Supporting Files */,
				7742A5741A817F220033FBD4 /* Images */,
			);
			path = HRFBoardView;
			sourceTree = "<group>";
		};
		7742A4631A8173B40033FBD4 /* Supporting Files */ = {
			isa = PBXGroup;
			children = (
				7742A4641A8173B40033FBD4 /* Info.plist */,
				7742A4651A8173B40033FBD4 /* main.m */,
			);
			name = "Supporting Files";
			sourceTree = "<group>";
		};
		7742A47C1A8173B40033FBD4 /* HRFBoardViewTests */ = {
			isa = PBXGroup;
			children = (
				7742A47F1A8173B40033FBD4 /* HRFBoardViewTests.m */,
				7742A47D1A8173B40033FBD4 /* Supporting Files */,
			);
			path = HRFBoardViewTests;
			sourceTree = "<group>";
		};
		7742A47D1A8173B40033FBD4 /* Supporting Files */ = {
			isa = PBXGroup;
			children = (
				7742A47E1A8173B40033FBD4 /* Info.plist */,
			);
			name = "Supporting Files";
			sourceTree = "<group>";
		};
		7742A48D1A8174A70033FBD4 /* BoardView */ = {
			isa = PBXGroup;
			children = (
				7742A48E1A8174A70033FBD4 /* HRFBoardView.h */,
				7742A48F1A8174A70033FBD4 /* HRFBoardView.m */,
			);
			path = BoardView;
			sourceTree = "<group>";
		};
		7742A5741A817F220033FBD4 /* Images */ = {
			isa = PBXGroup;
			children = (
				7742A5751A817F220033FBD4 /* ficha_base.png */,
				7742A5761A817F220033FBD4 /* ficha_base@2x.png */,
			);
			path = Images;
			sourceTree = "<group>";
		};
		DCC41DC363DEC8BEDFE46BD5 /* Pods */ = {
			isa = PBXGroup;
			children = (
				90A96AD08ACBB78A3508F63E /* Pods.debug.xcconfig */,
				54584430C1F30E473A54ABBD /* Pods.release.xcconfig */,
			);
			name = Pods;
			sourceTree = "<group>";
		};
		DCC75732B573BBFC7EB183C1 /* Frameworks */ = {
			isa = PBXGroup;
			children = (
				4B2914D936677DFB05C991EA /* libPods.a */,
			);
			name = Frameworks;
			sourceTree = "<group>";
		};
/* End PBXGroup section */

/* Begin PBXNativeTarget section */
		7742A45F1A8173B40033FBD4 /* HRFBoardView */ = {
			isa = PBXNativeTarget;
			buildConfigurationList = 7742A4831A8173B40033FBD4 /* Build configuration list for PBXNativeTarget "HRFBoardView" */;
			buildPhases = (
				6CE57093E3C530E4D4669868 /* Check Pods Manifest.lock */,
				7742A45C1A8173B40033FBD4 /* Sources */,
				7742A45D1A8173B40033FBD4 /* Frameworks */,
				7742A45E1A8173B40033FBD4 /* Resources */,
				52B9C0105BCC4D618A258B9C /* Copy Pods Resources */,
			);
			buildRules = (
			);
			dependencies = (
			);
			name = HRFBoardView;
			productName = HRFBoardView;
			productReference = 7742A4601A8173B40033FBD4 /* HRFBoardView.app */;
			productType = "com.apple.product-type.application";
		};
		7742A4781A8173B40033FBD4 /* HRFBoardViewTests */ = {
			isa = PBXNativeTarget;
			buildConfigurationList = 7742A4861A8173B40033FBD4 /* Build configuration list for PBXNativeTarget "HRFBoardViewTests" */;
			buildPhases = (
				7742A4751A8173B40033FBD4 /* Sources */,
				7742A4761A8173B40033FBD4 /* Frameworks */,
				7742A4771A8173B40033FBD4 /* Resources */,
			);
			buildRules = (
			);
			dependencies = (
				7742A47B1A8173B40033FBD4 /* PBXTargetDependency */,
			);
			name = HRFBoardViewTests;
			productName = HRFBoardViewTests;
			productReference = 7742A4791A8173B40033FBD4 /* HRFBoardViewTests.xctest */;
			productType = "com.apple.product-type.bundle.unit-test";
		};
/* End PBXNativeTarget section */

/* Begin PBXProject section */
		7742A4581A8173B40033FBD4 /* Project object */ = {
			isa = PBXProject;
			attributes = {
				LastUpgradeCheck = 0610;
				ORGANIZATIONNAME = HRF;
				TargetAttributes = {
					7742A45F1A8173B40033FBD4 = {
						CreatedOnToolsVersion = 6.1.1;
					};
					7742A4781A8173B40033FBD4 = {
						CreatedOnToolsVersion = 6.1.1;
						TestTargetID = 7742A45F1A8173B40033FBD4;
					};
				};
			};
			buildConfigurationList = 7742A45B1A8173B40033FBD4 /* Build configuration list for PBXProject "HRFBoardView" */;
			compatibilityVersion = "Xcode 3.2";
			developmentRegion = English;
			hasScannedForEncodings = 0;
			knownRegions = (
				en,
				Base,
			);
			mainGroup = 7742A4571A8173B40033FBD4;
			productRefGroup = 7742A4611A8173B40033FBD4 /* Products */;
			projectDirPath = "";
			projectRoot = "";
			targets = (
				7742A45F1A8173B40033FBD4 /* HRFBoardView */,
				7742A4781A8173B40033FBD4 /* HRFBoardViewTests */,
			);
		};
/* End PBXProject section */

/* Begin PBXResourcesBuildPhase section */
		7742A45E1A8173B40033FBD4 /* Resources */ = {
			isa = PBXResourcesBuildPhase;
			buildActionMask = 2147483647;
			files = (
				7742A46F1A8173B40033FBD4 /* Main.storyboard in Resources */,
				7742A4741A8173B40033FBD4 /* LaunchScreen.xib in Resources */,
				7742A5731A817AD50033FBD4 /* Podfile in Resources */,
				7742A57A1A8184F60033FBD4 /* LICENSE in Resources */,
				7742A5781A817F220033FBD4 /* ficha_base@2x.png in Resources */,
				7742A5771A817F220033FBD4 /* ficha_base.png in Resources */,
				7742A4711A8173B40033FBD4 /* Images.xcassets in Resources */,
			);
			runOnlyForDeploymentPostprocessing = 0;
		};
		7742A4771A8173B40033FBD4 /* Resources */ = {
			isa = PBXResourcesBuildPhase;
			buildActionMask = 2147483647;
			files = (
			);
			runOnlyForDeploymentPostprocessing = 0;
		};
/* End PBXResourcesBuildPhase section */

/* Begin PBXShellScriptBuildPhase section */
		52B9C0105BCC4D618A258B9C /* Copy Pods Resources */ = {
			isa = PBXShellScriptBuildPhase;
			buildActionMask = 2147483647;
			files = (
			);
			inputPaths = (
			);
			name = "Copy Pods Resources";
			outputPaths = (
			);
			runOnlyForDeploymentPostprocessing = 0;
			shellPath = /bin/sh;
			shellScript = "\"${SRCROOT}/Pods/Target Support Files/Pods/Pods-resources.sh\"\n";
			showEnvVarsInLog = 0;
		};
		6CE57093E3C530E4D4669868 /* Check Pods Manifest.lock */ = {
			isa = PBXShellScriptBuildPhase;
			buildActionMask = 2147483647;
			files = (
			);
			inputPaths = (
			);
			name = "Check Pods Manifest.lock";
			outputPaths = (
			);
			runOnlyForDeploymentPostprocessing = 0;
			shellPath = /bin/sh;
			shellScript = "diff \"${PODS_ROOT}/../Podfile.lock\" \"${PODS_ROOT}/Manifest.lock\" > /dev/null\nif [[ $? != 0 ]] ; then\n    cat << EOM\nerror: The sandbox is not in sync with the Podfile.lock. Run 'pod install' or update your CocoaPods installation.\nEOM\n    exit 1\nfi\n";
			showEnvVarsInLog = 0;
		};
/* End PBXShellScriptBuildPhase section */

/* Begin PBXSourcesBuildPhase section */
		7742A45C1A8173B40033FBD4 /* Sources */ = {
			isa = PBXSourcesBuildPhase;
			buildActionMask = 2147483647;
			files = (
				7742A4901A8174A70033FBD4 /* HRFBoardView.m in Sources */,
				7742A46C1A8173B40033FBD4 /* ViewController.m in Sources */,
				7742A4691A8173B40033FBD4 /* AppDelegate.m in Sources */,
				7742A4661A8173B40033FBD4 /* main.m in Sources */,
			);
			runOnlyForDeploymentPostprocessing = 0;
		};
		7742A4751A8173B40033FBD4 /* Sources */ = {
			isa = PBXSourcesBuildPhase;
			buildActionMask = 2147483647;
			files = (
				7742A4801A8173B40033FBD4 /* HRFBoardViewTests.m in Sources */,
			);
			runOnlyForDeploymentPostprocessing = 0;
		};
/* End PBXSourcesBuildPhase section */

/* Begin PBXTargetDependency section */
		7742A47B1A8173B40033FBD4 /* PBXTargetDependency */ = {
			isa = PBXTargetDependency;
			target = 7742A45F1A8173B40033FBD4 /* HRFBoardView */;
			targetProxy = 7742A47A1A8173B40033FBD4 /* PBXContainerItemProxy */;
		};
/* End PBXTargetDependency section */

/* Begin PBXVariantGroup section */
		7742A46D1A8173B40033FBD4 /* Main.storyboard */ = {
			isa = PBXVariantGroup;
			children = (
				7742A46E1A8173B40033FBD4 /* Base */,
			);
			name = Main.storyboard;
			sourceTree = "<group>";
		};
		7742A4721A8173B40033FBD4 /* LaunchScreen.xib */ = {
			isa = PBXVariantGroup;
			children = (
				7742A4731A8173B40033FBD4 /* Base */,
			);
			name = LaunchScreen.xib;
			sourceTree = "<group>";
		};
/* End PBXVariantGroup section */

/* Begin XCBuildConfiguration section */
		7742A4811A8173B40033FBD4 /* Debug */ = {
			isa = XCBuildConfiguration;
			buildSettings = {
				ALWAYS_SEARCH_USER_PATHS = NO;
				CLANG_CXX_LANGUAGE_STANDARD = "gnu++0x";
				CLANG_CXX_LIBRARY = "libc++";
				CLANG_ENABLE_MODULES = YES;
				CLANG_ENABLE_OBJC_ARC = YES;
				CLANG_WARN_BOOL_CONVERSION = YES;
				CLANG_WARN_CONSTANT_CONVERSION = YES;
				CLANG_WARN_DIRECT_OBJC_ISA_USAGE = YES_ERROR;
				CLANG_WARN_EMPTY_BODY = YES;
				CLANG_WARN_ENUM_CONVERSION = YES;
				CLANG_WARN_INT_CONVERSION = YES;
				CLANG_WARN_OBJC_ROOT_CLASS = YES_ERROR;
				CLANG_WARN_UNREACHABLE_CODE = YES;
				CLANG_WARN__DUPLICATE_METHOD_MATCH = YES;
				"CODE_SIGN_IDENTITY[sdk=iphoneos*]" = "iPhone Developer";
				COPY_PHASE_STRIP = NO;
				ENABLE_STRICT_OBJC_MSGSEND = YES;
				GCC_C_LANGUAGE_STANDARD = gnu99;
				GCC_DYNAMIC_NO_PIC = NO;
				GCC_OPTIMIZATION_LEVEL = 0;
				GCC_PREPROCESSOR_DEFINITIONS = (
					"DEBUG=1",
					"$(inherited)",
				);
				GCC_SYMBOLS_PRIVATE_EXTERN = NO;
				GCC_WARN_64_TO_32_BIT_CONVERSION = YES;
				GCC_WARN_ABOUT_RETURN_TYPE = YES_ERROR;
				GCC_WARN_UNDECLARED_SELECTOR = YES;
				GCC_WARN_UNINITIALIZED_AUTOS = YES_AGGRESSIVE;
				GCC_WARN_UNUSED_FUNCTION = YES;
				GCC_WARN_UNUSED_VARIABLE = YES;
				IPHONEOS_DEPLOYMENT_TARGET = 8.1;
				MTL_ENABLE_DEBUG_INFO = YES;
				ONLY_ACTIVE_ARCH = YES;
				SDKROOT = iphoneos;
			};
			name = Debug;
		};
		7742A4821A8173B40033FBD4 /* Release */ = {
			isa = XCBuildConfiguration;
			buildSettings = {
				ALWAYS_SEARCH_USER_PATHS = NO;
				CLANG_CXX_LANGUAGE_STANDARD = "gnu++0x";
				CLANG_CXX_LIBRARY = "libc++";
				CLANG_ENABLE_MODULES = YES;
				CLANG_ENABLE_OBJC_ARC = YES;
				CLANG_WARN_BOOL_CONVERSION = YES;
				CLANG_WARN_CONSTANT_CONVERSION = YES;
				CLANG_WARN_DIRECT_OBJC_ISA_USAGE = YES_ERROR;
				CLANG_WARN_EMPTY_BODY = YES;
				CLANG_WARN_ENUM_CONVERSION = YES;
				CLANG_WARN_INT_CONVERSION = YES;
				CLANG_WARN_OBJC_ROOT_CLASS = YES_ERROR;
				CLANG_WARN_UNREACHABLE_CODE = YES;
				CLANG_WARN__DUPLICATE_METHOD_MATCH = YES;
				"CODE_SIGN_IDENTITY[sdk=iphoneos*]" = "iPhone Developer";
				COPY_PHASE_STRIP = YES;
				ENABLE_NS_ASSERTIONS = NO;
				ENABLE_STRICT_OBJC_MSGSEND = YES;
				GCC_C_LANGUAGE_STANDARD = gnu99;
				GCC_WARN_64_TO_32_BIT_CONVERSION = YES;
				GCC_WARN_ABOUT_RETURN_TYPE = YES_ERROR;
				GCC_WARN_UNDECLARED_SELECTOR = YES;
				GCC_WARN_UNINITIALIZED_AUTOS = YES_AGGRESSIVE;
				GCC_WARN_UNUSED_FUNCTION = YES;
				GCC_WARN_UNUSED_VARIABLE = YES;
				IPHONEOS_DEPLOYMENT_TARGET = 8.1;
				MTL_ENABLE_DEBUG_INFO = NO;
				SDKROOT = iphoneos;
				VALIDATE_PRODUCT = YES;
			};
			name = Release;
		};
		7742A4841A8173B40033FBD4 /* Debug */ = {
			isa = XCBuildConfiguration;
			baseConfigurationReference = 90A96AD08ACBB78A3508F63E /* Pods.debug.xcconfig */;
			buildSettings = {
				ASSETCATALOG_COMPILER_APPICON_NAME = AppIcon;
				"CODE_SIGN_IDENTITY[sdk=iphoneos*]" = "";
				INFOPLIST_FILE = HRFBoardView/Info.plist;
				LD_RUNPATH_SEARCH_PATHS = "$(inherited) @executable_path/Frameworks";
				PRODUCT_NAME = "$(TARGET_NAME)";
			};
			name = Debug;
		};
		7742A4851A8173B40033FBD4 /* Release */ = {
			isa = XCBuildConfiguration;
			baseConfigurationReference = 54584430C1F30E473A54ABBD /* Pods.release.xcconfig */;
			buildSettings = {
				ASSETCATALOG_COMPILER_APPICON_NAME = AppIcon;
				"CODE_SIGN_IDENTITY[sdk=iphoneos*]" = "";
				INFOPLIST_FILE = HRFBoardView/Info.plist;
				LD_RUNPATH_SEARCH_PATHS = "$(inherited) @executable_path/Frameworks";
				PRODUCT_NAME = "$(TARGET_NAME)";
			};
			name = Release;
		};
		7742A4871A8173B40033FBD4 /* Debug */ = {
			isa = XCBuildConfiguration;
			buildSettings = {
				BUNDLE_LOADER = "$(TEST_HOST)";
				FRAMEWORK_SEARCH_PATHS = (
					"$(SDKROOT)/Developer/Library/Frameworks",
					"$(inherited)",
				);
				GCC_PREPROCESSOR_DEFINITIONS = (
					"DEBUG=1",
					"$(inherited)",
				);
				INFOPLIST_FILE = HRFBoardViewTests/Info.plist;
				LD_RUNPATH_SEARCH_PATHS = "$(inherited) @executable_path/Frameworks @loader_path/Frameworks";
				PRODUCT_NAME = "$(TARGET_NAME)";
				TEST_HOST = "$(BUILT_PRODUCTS_DIR)/HRFBoardView.app/HRFBoardView";
			};
			name = Debug;
		};
		7742A4881A8173B40033FBD4 /* Release */ = {
			isa = XCBuildConfiguration;
			buildSettings = {
				BUNDLE_LOADER = "$(TEST_HOST)";
				FRAMEWORK_SEARCH_PATHS = (
					"$(SDKROOT)/Developer/Library/Frameworks",
					"$(inherited)",
				);
				INFOPLIST_FILE = HRFBoardViewTests/Info.plist;
				LD_RUNPATH_SEARCH_PATHS = "$(inherited) @executable_path/Frameworks @loader_path/Frameworks";
				PRODUCT_NAME = "$(TARGET_NAME)";
				TEST_HOST = "$(BUILT_PRODUCTS_DIR)/HRFBoardView.app/HRFBoardView";
			};
			name = Release;
		};
/* End XCBuildConfiguration section */

/* Begin XCConfigurationList section */
		7742A45B1A8173B40033FBD4 /* Build configuration list for PBXProject "HRFBoardView" */ = {
			isa = XCConfigurationList;
			buildConfigurations = (
				7742A4811A8173B40033FBD4 /* Debug */,
				7742A4821A8173B40033FBD4 /* Release */,
			);
			defaultConfigurationIsVisible = 0;
			defaultConfigurationName = Release;
		};
		7742A4831A8173B40033FBD4 /* Build configuration list for PBXNativeTarget "HRFBoardView" */ = {
			isa = XCConfigurationList;
			buildConfigurations = (
				7742A4841A8173B40033FBD4 /* Debug */,
				7742A4851A8173B40033FBD4 /* Release */,
			);
			defaultConfigurationIsVisible = 0;
			defaultConfigurationName = Release;
		};
		7742A4861A8173B40033FBD4 /* Build configuration list for PBXNativeTarget "HRFBoardViewTests" */ = {
			isa = XCConfigurationList;
			buildConfigurations = (
				7742A4871A8173B40033FBD4 /* Debug */,
				7742A4881A8173B40033FBD4 /* Release */,
			);
			defaultConfigurationIsVisible = 0;
			defaultConfigurationName = Release;
		};
/* End XCConfigurationList section */
	};
	rootObject = 7742A4581A8173B40033FBD4 /* Project object */;
}
